// !$*UTF8*$!
{
	archiveVersion = 1;
	classes = {
	};
	objectVersion = 46;
	objects = {

/* Begin PBXBuildFile section */
		1E0C6BB4757ADCD8635C6BE5 /* Pods_iOSMessenger.framework in Frameworks */ = {isa = PBXBuildFile; fileRef = 27153FB879B6115B515203BE /* Pods_iOSMessenger.framework */; };
		40D1A350D78D997F5157CC86 /* LoginAssember.swift in Sources */ = {isa = PBXBuildFile; fileRef = 6E6873C707635B8DDB2963C0 /* LoginAssember.swift */; };
		437736C338E75837D2928BB3 /* LoginViewController.swift in Sources */ = {isa = PBXBuildFile; fileRef = C65B85CE63BA6073B7EAD012 /* LoginViewController.swift */; };
		43D4CE04D9C47EF274C9FFA9 /* LoginRouterInterface.swift in Sources */ = {isa = PBXBuildFile; fileRef = 415337B3B6E251BB09E52F95 /* LoginRouterInterface.swift */; };
		4BF543C1DD7BA12D3B59ADFC /* LoginViewInterface.swift in Sources */ = {isa = PBXBuildFile; fileRef = 5DFB98B242AA5047A16F631C /* LoginViewInterface.swift */; };
		6EBC07A8192A9B1034230C1B /* RegistrationPresenterInterface.swift in Sources */ = {isa = PBXBuildFile; fileRef = 2920500AFFD4F49C9BC718E6 /* RegistrationPresenterInterface.swift */; };
		75BCCB8BFB0A20F7FDC08AFC /* RegistrationRouter.swift in Sources */ = {isa = PBXBuildFile; fileRef = E1B7007CACA7A59D2DC8DBD6 /* RegistrationRouter.swift */; };
		820E085F1E5D8B4300BA2D0D /* BlurImageView.swift in Sources */ = {isa = PBXBuildFile; fileRef = 820E085E1E5D8B4300BA2D0D /* BlurImageView.swift */; };
		820E08631E5D8BA900BA2D0D /* Aspects.framework in Frameworks */ = {isa = PBXBuildFile; fileRef = 820E08601E5D8BA900BA2D0D /* Aspects.framework */; };
		820E08641E5D8BA900BA2D0D /* Chamomile.framework in Frameworks */ = {isa = PBXBuildFile; fileRef = 820E08611E5D8BA900BA2D0D /* Chamomile.framework */; };
		820E08651E5D8BA900BA2D0D /* Perform.framework in Frameworks */ = {isa = PBXBuildFile; fileRef = 820E08621E5D8BA900BA2D0D /* Perform.framework */; };
		82A0D3CF1E5D86C100DB4D6B /* AppDelegate.swift in Sources */ = {isa = PBXBuildFile; fileRef = 82A0D3CE1E5D86C100DB4D6B /* AppDelegate.swift */; };
		82A0D3D41E5D86C100DB4D6B /* Main.storyboard in Resources */ = {isa = PBXBuildFile; fileRef = 82A0D3D21E5D86C100DB4D6B /* Main.storyboard */; };
		82A0D3D61E5D86C100DB4D6B /* Assets.xcassets in Resources */ = {isa = PBXBuildFile; fileRef = 82A0D3D51E5D86C100DB4D6B /* Assets.xcassets */; };
		82A0D3D91E5D86C100DB4D6B /* LaunchScreen.storyboard in Resources */ = {isa = PBXBuildFile; fileRef = 82A0D3D71E5D86C100DB4D6B /* LaunchScreen.storyboard */; };
		82CB227A1E6597660069BD41 /* CustomTextField.swift in Sources */ = {isa = PBXBuildFile; fileRef = 82CB22791E6597660069BD41 /* CustomTextField.swift */; };
		82CB227C1E65AB460069BD41 /* LineView.swift in Sources */ = {isa = PBXBuildFile; fileRef = 82CB227B1E65AB460069BD41 /* LineView.swift */; };
		82CB227E1E65B1230069BD41 /* GoogleService-Info.plist in Resources */ = {isa = PBXBuildFile; fileRef = 82CB227D1E65B1230069BD41 /* GoogleService-Info.plist */; };
		8AAC9AD89B416BCEF77CA5FC /* RegistrationInteractorInterface.swift in Sources */ = {isa = PBXBuildFile; fileRef = CC662C17E210638537AA783C /* RegistrationInteractorInterface.swift */; };
		94F36A80EBEC2C3C00436D97 /* RegistrationViewInterface.swift in Sources */ = {isa = PBXBuildFile; fileRef = 6B66768477E8C20FBD5338BF /* RegistrationViewInterface.swift */; };
		9949E2203733FE44E3E76C7C /* RegistrationViewController.swift in Sources */ = {isa = PBXBuildFile; fileRef = 4FDD5E4CB8D5BF601C11AE6C /* RegistrationViewController.swift */; };
		A8BD35A2F4503FEB06AB0D79 /* LoginPresenterInterface.swift in Sources */ = {isa = PBXBuildFile; fileRef = A368F56F3CA5FB0904AAEEEA /* LoginPresenterInterface.swift */; };
		B29CC6A029063C1B3C9DB84B /* RegistrationPresenter.swift in Sources */ = {isa = PBXBuildFile; fileRef = 809B91309A802F3D498B808D /* RegistrationPresenter.swift */; };
		BDCB614E4C6700161CA2433E /* LoginInteractorInterface.swift in Sources */ = {isa = PBXBuildFile; fileRef = 2CC7235F78E45F3973E14E81 /* LoginInteractorInterface.swift */; };
		D1A3D74A9242EEDC3A26E33E /* LoginInteractor.swift in Sources */ = {isa = PBXBuildFile; fileRef = 2ED03AB56D624EA38182FF1B /* LoginInteractor.swift */; };
		D5CB56CD2ED6E45D0208D219 /* RegistrationRouterInterface.swift in Sources */ = {isa = PBXBuildFile; fileRef = 1307704A5822D395ACF98D8A /* RegistrationRouterInterface.swift */; };
		D98A1F48E61CB15445793D79 /* LoginPresenter.swift in Sources */ = {isa = PBXBuildFile; fileRef = 4985BBC887BEDFAC8684A37D /* LoginPresenter.swift */; };
		ECD9A4A104E47D99C4375368 /* RegistrationAssember.swift in Sources */ = {isa = PBXBuildFile; fileRef = D7DE1CC15EFB31A4A5090E2E /* RegistrationAssember.swift */; };
		EFBEBDA6F5F150E1B818CAC6 /* LoginRouter.swift in Sources */ = {isa = PBXBuildFile; fileRef = F89DBCA441F3D645C8F6209F /* LoginRouter.swift */; };
		EFFD21B1CFA5995AD66E51C9 /* RegistrationInteractor.swift in Sources */ = {isa = PBXBuildFile; fileRef = B52D2F774A1034F82F57C315 /* RegistrationInteractor.swift */; };
/* End PBXBuildFile section */

/* Begin PBXFileReference section */
		0005374BE73A3A8EC32B5AAD /* Pods-iOSMessenger.release.xcconfig */ = {isa = PBXFileReference; includeInIndex = 1; lastKnownFileType = text.xcconfig; name = "Pods-iOSMessenger.release.xcconfig"; path = "Pods/Target Support Files/Pods-iOSMessenger/Pods-iOSMessenger.release.xcconfig"; sourceTree = "<group>"; };
		1307704A5822D395ACF98D8A /* RegistrationRouterInterface.swift */ = {isa = PBXFileReference; includeInIndex = 1; lastKnownFileType = sourcecode.swift; path = RegistrationRouterInterface.swift; sourceTree = "<group>"; };
		27153FB879B6115B515203BE /* Pods_iOSMessenger.framework */ = {isa = PBXFileReference; explicitFileType = wrapper.framework; includeInIndex = 0; path = Pods_iOSMessenger.framework; sourceTree = BUILT_PRODUCTS_DIR; };
		2920500AFFD4F49C9BC718E6 /* RegistrationPresenterInterface.swift */ = {isa = PBXFileReference; includeInIndex = 1; lastKnownFileType = sourcecode.swift; path = RegistrationPresenterInterface.swift; sourceTree = "<group>"; };
		2CC7235F78E45F3973E14E81 /* LoginInteractorInterface.swift */ = {isa = PBXFileReference; includeInIndex = 1; lastKnownFileType = sourcecode.swift; path = LoginInteractorInterface.swift; sourceTree = "<group>"; };
		2ED03AB56D624EA38182FF1B /* LoginInteractor.swift */ = {isa = PBXFileReference; includeInIndex = 1; lastKnownFileType = sourcecode.swift; path = LoginInteractor.swift; sourceTree = "<group>"; };
		415337B3B6E251BB09E52F95 /* LoginRouterInterface.swift */ = {isa = PBXFileReference; includeInIndex = 1; lastKnownFileType = sourcecode.swift; path = LoginRouterInterface.swift; sourceTree = "<group>"; };
		4985BBC887BEDFAC8684A37D /* LoginPresenter.swift */ = {isa = PBXFileReference; includeInIndex = 1; lastKnownFileType = sourcecode.swift; path = LoginPresenter.swift; sourceTree = "<group>"; };
		4FDD5E4CB8D5BF601C11AE6C /* RegistrationViewController.swift */ = {isa = PBXFileReference; includeInIndex = 1; lastKnownFileType = sourcecode.swift; path = RegistrationViewController.swift; sourceTree = "<group>"; };
		5DFB98B242AA5047A16F631C /* LoginViewInterface.swift */ = {isa = PBXFileReference; includeInIndex = 1; lastKnownFileType = sourcecode.swift; path = LoginViewInterface.swift; sourceTree = "<group>"; };
		6B66768477E8C20FBD5338BF /* RegistrationViewInterface.swift */ = {isa = PBXFileReference; includeInIndex = 1; lastKnownFileType = sourcecode.swift; path = RegistrationViewInterface.swift; sourceTree = "<group>"; };
		6E6873C707635B8DDB2963C0 /* LoginAssember.swift */ = {isa = PBXFileReference; includeInIndex = 1; lastKnownFileType = sourcecode.swift; path = LoginAssember.swift; sourceTree = "<group>"; };
		75DC96DFB4F9B768419E60C2 /* Pods-iOSMessenger.debug.xcconfig */ = {isa = PBXFileReference; includeInIndex = 1; lastKnownFileType = text.xcconfig; name = "Pods-iOSMessenger.debug.xcconfig"; path = "Pods/Target Support Files/Pods-iOSMessenger/Pods-iOSMessenger.debug.xcconfig"; sourceTree = "<group>"; };
		809B91309A802F3D498B808D /* RegistrationPresenter.swift */ = {isa = PBXFileReference; includeInIndex = 1; lastKnownFileType = sourcecode.swift; path = RegistrationPresenter.swift; sourceTree = "<group>"; };
		820E085E1E5D8B4300BA2D0D /* BlurImageView.swift */ = {isa = PBXFileReference; fileEncoding = 4; lastKnownFileType = sourcecode.swift; path = BlurImageView.swift; sourceTree = "<group>"; };
		820E08601E5D8BA900BA2D0D /* Aspects.framework */ = {isa = PBXFileReference; lastKnownFileType = wrapper.framework; name = Aspects.framework; path = Carthage/Build/iOS/Aspects.framework; sourceTree = "<group>"; };
		820E08611E5D8BA900BA2D0D /* Chamomile.framework */ = {isa = PBXFileReference; lastKnownFileType = wrapper.framework; name = Chamomile.framework; path = Carthage/Build/iOS/Chamomile.framework; sourceTree = "<group>"; };
		820E08621E5D8BA900BA2D0D /* Perform.framework */ = {isa = PBXFileReference; lastKnownFileType = wrapper.framework; name = Perform.framework; path = Carthage/Build/iOS/Perform.framework; sourceTree = "<group>"; };
		82A0D3CB1E5D86C100DB4D6B /* iOSMessenger.app */ = {isa = PBXFileReference; explicitFileType = wrapper.application; includeInIndex = 0; path = iOSMessenger.app; sourceTree = BUILT_PRODUCTS_DIR; };
		82A0D3CE1E5D86C100DB4D6B /* AppDelegate.swift */ = {isa = PBXFileReference; lastKnownFileType = sourcecode.swift; name = AppDelegate.swift; path = ../AppDelegate.swift; sourceTree = "<group>"; };
		82A0D3D31E5D86C100DB4D6B /* Base */ = {isa = PBXFileReference; lastKnownFileType = file.storyboard; name = Base; path = Base.lproj/Main.storyboard; sourceTree = "<group>"; };
		82A0D3D51E5D86C100DB4D6B /* Assets.xcassets */ = {isa = PBXFileReference; lastKnownFileType = folder.assetcatalog; name = Assets.xcassets; path = ../Assets.xcassets; sourceTree = "<group>"; };
		82A0D3D81E5D86C100DB4D6B /* Base */ = {isa = PBXFileReference; lastKnownFileType = file.storyboard; name = Base; path = Base.lproj/LaunchScreen.storyboard; sourceTree = "<group>"; };
		82A0D3DA1E5D86C100DB4D6B /* Info.plist */ = {isa = PBXFileReference; lastKnownFileType = text.plist.xml; name = Info.plist; path = ../Info.plist; sourceTree = "<group>"; };
		82CB22791E6597660069BD41 /* CustomTextField.swift */ = {isa = PBXFileReference; fileEncoding = 4; lastKnownFileType = sourcecode.swift; path = CustomTextField.swift; sourceTree = "<group>"; };
		82CB227B1E65AB460069BD41 /* LineView.swift */ = {isa = PBXFileReference; fileEncoding = 4; lastKnownFileType = sourcecode.swift; path = LineView.swift; sourceTree = "<group>"; };
		82CB227D1E65B1230069BD41 /* GoogleService-Info.plist */ = {isa = PBXFileReference; fileEncoding = 4; lastKnownFileType = text.plist.xml; name = "GoogleService-Info.plist"; path = "iOSMessenger/GoogleService-Info.plist"; sourceTree = SOURCE_ROOT; };
		A368F56F3CA5FB0904AAEEEA /* LoginPresenterInterface.swift */ = {isa = PBXFileReference; includeInIndex = 1; lastKnownFileType = sourcecode.swift; path = LoginPresenterInterface.swift; sourceTree = "<group>"; };
		B52D2F774A1034F82F57C315 /* RegistrationInteractor.swift */ = {isa = PBXFileReference; includeInIndex = 1; lastKnownFileType = sourcecode.swift; path = RegistrationInteractor.swift; sourceTree = "<group>"; };
		C65B85CE63BA6073B7EAD012 /* LoginViewController.swift */ = {isa = PBXFileReference; includeInIndex = 1; lastKnownFileType = sourcecode.swift; path = LoginViewController.swift; sourceTree = "<group>"; };
		CC662C17E210638537AA783C /* RegistrationInteractorInterface.swift */ = {isa = PBXFileReference; includeInIndex = 1; lastKnownFileType = sourcecode.swift; path = RegistrationInteractorInterface.swift; sourceTree = "<group>"; };
		D7DE1CC15EFB31A4A5090E2E /* RegistrationAssember.swift */ = {isa = PBXFileReference; includeInIndex = 1; lastKnownFileType = sourcecode.swift; path = RegistrationAssember.swift; sourceTree = "<group>"; };
		E1B7007CACA7A59D2DC8DBD6 /* RegistrationRouter.swift */ = {isa = PBXFileReference; includeInIndex = 1; lastKnownFileType = sourcecode.swift; path = RegistrationRouter.swift; sourceTree = "<group>"; };
		F89DBCA441F3D645C8F6209F /* LoginRouter.swift */ = {isa = PBXFileReference; includeInIndex = 1; lastKnownFileType = sourcecode.swift; path = LoginRouter.swift; sourceTree = "<group>"; };
/* End PBXFileReference section */

/* Begin PBXFrameworksBuildPhase section */
		82A0D3C81E5D86C100DB4D6B /* Frameworks */ = {
			isa = PBXFrameworksBuildPhase;
			buildActionMask = 2147483647;
			files = (
				1E0C6BB4757ADCD8635C6BE5 /* Pods_iOSMessenger.framework in Frameworks */,
				820E08631E5D8BA900BA2D0D /* Aspects.framework in Frameworks */,
				820E08641E5D8BA900BA2D0D /* Chamomile.framework in Frameworks */,
				820E08651E5D8BA900BA2D0D /* Perform.framework in Frameworks */,
			);
			runOnlyForDeploymentPostprocessing = 0;
		};
/* End PBXFrameworksBuildPhase section */

/* Begin PBXGroup section */
		0E18F4448D6E661CC979BC8C /* Assembler */ = {
			isa = PBXGroup;
			children = (
				6E6873C707635B8DDB2963C0 /* LoginAssember.swift */,
			);
			path = Assembler;
			sourceTree = "<group>";
		};
		2E95F177FA400D3FF88AB172 /* Presenter */ = {
			isa = PBXGroup;
			children = (
				A368F56F3CA5FB0904AAEEEA /* LoginPresenterInterface.swift */,
				4985BBC887BEDFAC8684A37D /* LoginPresenter.swift */,
			);
			path = Presenter;
			sourceTree = "<group>";
		};
		2F017F805F0809C822E1DC31 /* Login */ = {
			isa = PBXGroup;
			children = (
				0E18F4448D6E661CC979BC8C /* Assembler */,
				589ACEE76D368D7A66C6C921 /* View */,
				4FB2D349BBDFF98F93396120 /* Interactor */,
				2E95F177FA400D3FF88AB172 /* Presenter */,
				CF51A4A57A1FE95EA2CFEBE2 /* Router */,
			);
			path = Login;
			sourceTree = "<group>";
		};
		48E8FADF8927C35BA8C3EB6C /* Router */ = {
			isa = PBXGroup;
			children = (
				1307704A5822D395ACF98D8A /* RegistrationRouterInterface.swift */,
				E1B7007CACA7A59D2DC8DBD6 /* RegistrationRouter.swift */,
			);
			name = Router;
			path = Router;
			sourceTree = "<group>";
		};
		4FB2D349BBDFF98F93396120 /* Interactor */ = {
			isa = PBXGroup;
			children = (
				2CC7235F78E45F3973E14E81 /* LoginInteractorInterface.swift */,
				2ED03AB56D624EA38182FF1B /* LoginInteractor.swift */,
			);
			path = Interactor;
			sourceTree = "<group>";
		};
		589ACEE76D368D7A66C6C921 /* View */ = {
			isa = PBXGroup;
			children = (
				5DFB98B242AA5047A16F631C /* LoginViewInterface.swift */,
				C65B85CE63BA6073B7EAD012 /* LoginViewController.swift */,
			);
			path = View;
			sourceTree = "<group>";
		};
		6D1FB622A0F0F24DE741AEA1 /* Presenter */ = {
			isa = PBXGroup;
			children = (
				2920500AFFD4F49C9BC718E6 /* RegistrationPresenterInterface.swift */,
				809B91309A802F3D498B808D /* RegistrationPresenter.swift */,
			);
			name = Presenter;
			path = Presenter;
			sourceTree = "<group>";
		};
		6E4C17F28255C8A3BFB952A7 /* Registration */ = {
			isa = PBXGroup;
			children = (
				FA7E9D822C05B3DF4E0AA23B /* Assembler */,
				BA576E574AFACD2066D23323 /* View */,
				745D2ECD5AACF45E4020805E /* Interactor */,
				6D1FB622A0F0F24DE741AEA1 /* Presenter */,
				48E8FADF8927C35BA8C3EB6C /* Router */,
			);
			name = Registration;
			path = Registration;
			sourceTree = "<group>";
		};
		745D2ECD5AACF45E4020805E /* Interactor */ = {
			isa = PBXGroup;
			children = (
				CC662C17E210638537AA783C /* RegistrationInteractorInterface.swift */,
				B52D2F774A1034F82F57C315 /* RegistrationInteractor.swift */,
			);
			name = Interactor;
			path = Interactor;
			sourceTree = "<group>";
		};
		820E085B1E5D8AD800BA2D0D /* Extension */ = {
			isa = PBXGroup;
			children = (
				820E085E1E5D8B4300BA2D0D /* BlurImageView.swift */,
				82CB22791E6597660069BD41 /* CustomTextField.swift */,
				82CB227B1E65AB460069BD41 /* LineView.swift */,
			);
			path = Extension;
			sourceTree = "<group>";
		};
		824FFA7A602190EF8CA5E9CF /* Modules */ = {
			isa = PBXGroup;
			children = (
				2F017F805F0809C822E1DC31 /* Login */,
				6E4C17F28255C8A3BFB952A7 /* Registration */,
			);
			path = Modules;
			sourceTree = "<group>";
		};
		82A0D3C21E5D86C100DB4D6B = {
			isa = PBXGroup;
			children = (
				82A0D3CD1E5D86C100DB4D6B /* iOSMessenger */,
				82A0D3CC1E5D86C100DB4D6B /* Products */,
				F793BF176F0116B8C0E88675 /* Pods */,
				F2BF72BC6BC293073819EFA8 /* Frameworks */,
			);
			sourceTree = "<group>";
		};
		82A0D3CC1E5D86C100DB4D6B /* Products */ = {
			isa = PBXGroup;
			children = (
				82A0D3CB1E5D86C100DB4D6B /* iOSMessenger.app */,
			);
			name = Products;
			sourceTree = "<group>";
		};
		82A0D3CD1E5D86C100DB4D6B /* iOSMessenger */ = {
			isa = PBXGroup;
			children = (
				820E085B1E5D8AD800BA2D0D /* Extension */,
				82A0D3E11E5D872800DB4D6B /* Common */,
				82A0D3E01E5D86FC00DB4D6B /* Storyboards */,
				824FFA7A602190EF8CA5E9CF /* Modules */,
			);
			path = iOSMessenger;
			sourceTree = "<group>";
		};
		82A0D3E01E5D86FC00DB4D6B /* Storyboards */ = {
			isa = PBXGroup;
			children = (
				82A0D3D21E5D86C100DB4D6B /* Main.storyboard */,
				82A0D3D71E5D86C100DB4D6B /* LaunchScreen.storyboard */,
			);
			path = Storyboards;
			sourceTree = "<group>";
		};
		82A0D3E11E5D872800DB4D6B /* Common */ = {
			isa = PBXGroup;
			children = (
				82A0D3CE1E5D86C100DB4D6B /* AppDelegate.swift */,
				82A0D3D51E5D86C100DB4D6B /* Assets.xcassets */,
				82CB227D1E65B1230069BD41 /* GoogleService-Info.plist */,
				82A0D3DA1E5D86C100DB4D6B /* Info.plist */,
			);
			path = Common;
			sourceTree = "<group>";
		};
		BA576E574AFACD2066D23323 /* View */ = {
			isa = PBXGroup;
			children = (
				6B66768477E8C20FBD5338BF /* RegistrationViewInterface.swift */,
				4FDD5E4CB8D5BF601C11AE6C /* RegistrationViewController.swift */,
			);
			name = View;
			path = View;
			sourceTree = "<group>";
		};
		CF51A4A57A1FE95EA2CFEBE2 /* Router */ = {
			isa = PBXGroup;
			children = (
				415337B3B6E251BB09E52F95 /* LoginRouterInterface.swift */,
				F89DBCA441F3D645C8F6209F /* LoginRouter.swift */,
			);
			path = Router;
			sourceTree = "<group>";
		};
		F2BF72BC6BC293073819EFA8 /* Frameworks */ = {
			isa = PBXGroup;
			children = (
				820E08601E5D8BA900BA2D0D /* Aspects.framework */,
				820E08611E5D8BA900BA2D0D /* Chamomile.framework */,
				820E08621E5D8BA900BA2D0D /* Perform.framework */,
				27153FB879B6115B515203BE /* Pods_iOSMessenger.framework */,
			);
			name = Frameworks;
			sourceTree = "<group>";
		};
		F793BF176F0116B8C0E88675 /* Pods */ = {
			isa = PBXGroup;
			children = (
				75DC96DFB4F9B768419E60C2 /* Pods-iOSMessenger.debug.xcconfig */,
				0005374BE73A3A8EC32B5AAD /* Pods-iOSMessenger.release.xcconfig */,
			);
			name = Pods;
			sourceTree = "<group>";
		};
		FA7E9D822C05B3DF4E0AA23B /* Assembler */ = {
			isa = PBXGroup;
			children = (
				D7DE1CC15EFB31A4A5090E2E /* RegistrationAssember.swift */,
			);
			name = Assembler;
			path = Assembler;
			sourceTree = "<group>";
		};
/* End PBXGroup section */

/* Begin PBXNativeTarget section */
		82A0D3CA1E5D86C100DB4D6B /* iOSMessenger */ = {
			isa = PBXNativeTarget;
			buildConfigurationList = 82A0D3DD1E5D86C100DB4D6B /* Build configuration list for PBXNativeTarget "iOSMessenger" */;
			buildPhases = (
				250A8F145ED691F2A6214308 /* [CP] Check Pods Manifest.lock */,
				82A0D3C71E5D86C100DB4D6B /* Sources */,
				82A0D3C81E5D86C100DB4D6B /* Frameworks */,
				82A0D3C91E5D86C100DB4D6B /* Resources */,
				89D888DC3357593C5E09DD21 /* [CP] Embed Pods Frameworks */,
				FB101E29C69EADAC3529D48B /* [CP] Copy Pods Resources */,
				820E08661E5D8BB100BA2D0D /* Run Script */,
			);
			buildRules = (
			);
			dependencies = (
			);
			name = iOSMessenger;
			productName = iOSMessenger;
			productReference = 82A0D3CB1E5D86C100DB4D6B /* iOSMessenger.app */;
			productType = "com.apple.product-type.application";
		};
/* End PBXNativeTarget section */

/* Begin PBXProject section */
		82A0D3C31E5D86C100DB4D6B /* Project object */ = {
			isa = PBXProject;
			attributes = {
				LastSwiftUpdateCheck = 0810;
				LastUpgradeCheck = 0810;
				ORGANIZATIONNAME = Asmins;
				TargetAttributes = {
					82A0D3CA1E5D86C100DB4D6B = {
						CreatedOnToolsVersion = 8.1;
						ProvisioningStyle = Manual;
					};
				};
			};
			buildConfigurationList = 82A0D3C61E5D86C100DB4D6B /* Build configuration list for PBXProject "iOSMessenger" */;
			compatibilityVersion = "Xcode 3.2";
			developmentRegion = English;
			hasScannedForEncodings = 0;
			knownRegions = (
				en,
				Base,
			);
			mainGroup = 82A0D3C21E5D86C100DB4D6B;
			productRefGroup = 82A0D3CC1E5D86C100DB4D6B /* Products */;
			projectDirPath = "";
			projectRoot = "";
			targets = (
				82A0D3CA1E5D86C100DB4D6B /* iOSMessenger */,
			);
		};
/* End PBXProject section */

/* Begin PBXResourcesBuildPhase section */
		82A0D3C91E5D86C100DB4D6B /* Resources */ = {
			isa = PBXResourcesBuildPhase;
			buildActionMask = 2147483647;
			files = (
				82A0D3D91E5D86C100DB4D6B /* LaunchScreen.storyboard in Resources */,
				82CB227E1E65B1230069BD41 /* GoogleService-Info.plist in Resources */,
				82A0D3D61E5D86C100DB4D6B /* Assets.xcassets in Resources */,
				82A0D3D41E5D86C100DB4D6B /* Main.storyboard in Resources */,
			);
			runOnlyForDeploymentPostprocessing = 0;
		};
/* End PBXResourcesBuildPhase section */

/* Begin PBXShellScriptBuildPhase section */
		250A8F145ED691F2A6214308 /* [CP] Check Pods Manifest.lock */ = {
			isa = PBXShellScriptBuildPhase;
			buildActionMask = 2147483647;
			files = (
			);
			inputPaths = (
			);
			name = "[CP] Check Pods Manifest.lock";
			outputPaths = (
			);
			runOnlyForDeploymentPostprocessing = 0;
			shellPath = /bin/sh;
			shellScript = "diff \"${PODS_ROOT}/../Podfile.lock\" \"${PODS_ROOT}/Manifest.lock\" > /dev/null\nif [ $? != 0 ] ; then\n    # print error to STDERR\n    echo \"error: The sandbox is not in sync with the Podfile.lock. Run 'pod install' or update your CocoaPods installation.\" >&2\n    exit 1\nfi\n";
			showEnvVarsInLog = 0;
		};
		820E08661E5D8BB100BA2D0D /* Run Script */ = {
			isa = PBXShellScriptBuildPhase;
			buildActionMask = 2147483647;
			files = (
			);
			inputPaths = (
				"$(SRCROOT)/Carthage/Build/iOS/Chamomile.framework",
				"$(SRCROOT)/Carthage/Build/iOS/Perform.framework",
				"$(SRCROOT)/Carthage/Build/iOS/Aspects.framework",
			);
			name = "Run Script";
			outputPaths = (
			);
			runOnlyForDeploymentPostprocessing = 0;
			shellPath = /bin/sh;
			shellScript = "/usr/local/bin/carthage copy-frameworks";
		};
		89D888DC3357593C5E09DD21 /* [CP] Embed Pods Frameworks */ = {
			isa = PBXShellScriptBuildPhase;
			buildActionMask = 2147483647;
			files = (
			);
			inputPaths = (
			);
			name = "[CP] Embed Pods Frameworks";
			outputPaths = (
			);
			runOnlyForDeploymentPostprocessing = 0;
			shellPath = /bin/sh;
			shellScript = "\"${SRCROOT}/Pods/Target Support Files/Pods-iOSMessenger/Pods-iOSMessenger-frameworks.sh\"\n";
			showEnvVarsInLog = 0;
		};
		FB101E29C69EADAC3529D48B /* [CP] Copy Pods Resources */ = {
			isa = PBXShellScriptBuildPhase;
			buildActionMask = 2147483647;
			files = (
			);
			inputPaths = (
			);
			name = "[CP] Copy Pods Resources";
			outputPaths = (
			);
			runOnlyForDeploymentPostprocessing = 0;
			shellPath = /bin/sh;
			shellScript = "\"${SRCROOT}/Pods/Target Support Files/Pods-iOSMessenger/Pods-iOSMessenger-resources.sh\"\n";
			showEnvVarsInLog = 0;
		};
/* End PBXShellScriptBuildPhase section */

/* Begin PBXSourcesBuildPhase section */
		82A0D3C71E5D86C100DB4D6B /* Sources */ = {
			isa = PBXSourcesBuildPhase;
			buildActionMask = 2147483647;
			files = (
				82A0D3CF1E5D86C100DB4D6B /* AppDelegate.swift in Sources */,
				40D1A350D78D997F5157CC86 /* LoginAssember.swift in Sources */,
				4BF543C1DD7BA12D3B59ADFC /* LoginViewInterface.swift in Sources */,
				437736C338E75837D2928BB3 /* LoginViewController.swift in Sources */,
				82CB227C1E65AB460069BD41 /* LineView.swift in Sources */,
				BDCB614E4C6700161CA2433E /* LoginInteractorInterface.swift in Sources */,
				820E085F1E5D8B4300BA2D0D /* BlurImageView.swift in Sources */,
				D1A3D74A9242EEDC3A26E33E /* LoginInteractor.swift in Sources */,
				A8BD35A2F4503FEB06AB0D79 /* LoginPresenterInterface.swift in Sources */,
				82CB227A1E6597660069BD41 /* CustomTextField.swift in Sources */,
				D98A1F48E61CB15445793D79 /* LoginPresenter.swift in Sources */,
				43D4CE04D9C47EF274C9FFA9 /* LoginRouterInterface.swift in Sources */,
				EFBEBDA6F5F150E1B818CAC6 /* LoginRouter.swift in Sources */,
				ECD9A4A104E47D99C4375368 /* RegistrationAssember.swift in Sources */,
				94F36A80EBEC2C3C00436D97 /* RegistrationViewInterface.swift in Sources */,
				9949E2203733FE44E3E76C7C /* RegistrationViewController.swift in Sources */,
				8AAC9AD89B416BCEF77CA5FC /* RegistrationInteractorInterface.swift in Sources */,
				EFFD21B1CFA5995AD66E51C9 /* RegistrationInteractor.swift in Sources */,
				6EBC07A8192A9B1034230C1B /* RegistrationPresenterInterface.swift in Sources */,
				B29CC6A029063C1B3C9DB84B /* RegistrationPresenter.swift in Sources */,
				D5CB56CD2ED6E45D0208D219 /* RegistrationRouterInterface.swift in Sources */,
				75BCCB8BFB0A20F7FDC08AFC /* RegistrationRouter.swift in Sources */,
			);
			runOnlyForDeploymentPostprocessing = 0;
		};
/* End PBXSourcesBuildPhase section */

/* Begin PBXVariantGroup section */
		82A0D3D21E5D86C100DB4D6B /* Main.storyboard */ = {
			isa = PBXVariantGroup;
			children = (
				82A0D3D31E5D86C100DB4D6B /* Base */,
			);
			name = Main.storyboard;
			path = ..;
			sourceTree = "<group>";
		};
		82A0D3D71E5D86C100DB4D6B /* LaunchScreen.storyboard */ = {
			isa = PBXVariantGroup;
			children = (
				82A0D3D81E5D86C100DB4D6B /* Base */,
			);
			name = LaunchScreen.storyboard;
			path = ..;
			sourceTree = "<group>";
		};
/* End PBXVariantGroup section */

/* Begin XCBuildConfiguration section */
		82A0D3DB1E5D86C100DB4D6B /* Debug */ = {
			isa = XCBuildConfiguration;
			buildSettings = {
				ALWAYS_SEARCH_USER_PATHS = NO;
				CLANG_ANALYZER_NONNULL = YES;
				CLANG_CXX_LANGUAGE_STANDARD = "gnu++0x";
				CLANG_CXX_LIBRARY = "libc++";
				CLANG_ENABLE_MODULES = YES;
				CLANG_ENABLE_OBJC_ARC = YES;
				CLANG_WARN_BOOL_CONVERSION = YES;
				CLANG_WARN_CONSTANT_CONVERSION = YES;
				CLANG_WARN_DIRECT_OBJC_ISA_USAGE = YES_ERROR;
				CLANG_WARN_DOCUMENTATION_COMMENTS = YES;
				CLANG_WARN_EMPTY_BODY = YES;
				CLANG_WARN_ENUM_CONVERSION = YES;
				CLANG_WARN_INFINITE_RECURSION = YES;
				CLANG_WARN_INT_CONVERSION = YES;
				CLANG_WARN_OBJC_ROOT_CLASS = YES_ERROR;
				CLANG_WARN_SUSPICIOUS_MOVES = YES;
				CLANG_WARN_UNREACHABLE_CODE = YES;
				CLANG_WARN__DUPLICATE_METHOD_MATCH = YES;
				"CODE_SIGN_IDENTITY[sdk=iphoneos*]" = "iPhone Developer";
				COPY_PHASE_STRIP = NO;
				DEBUG_INFORMATION_FORMAT = dwarf;
				ENABLE_STRICT_OBJC_MSGSEND = YES;
				ENABLE_TESTABILITY = YES;
				GCC_C_LANGUAGE_STANDARD = gnu99;
				GCC_DYNAMIC_NO_PIC = NO;
				GCC_NO_COMMON_BLOCKS = YES;
				GCC_OPTIMIZATION_LEVEL = 0;
				GCC_PREPROCESSOR_DEFINITIONS = (
					"DEBUG=1",
					"$(inherited)",
				);
				GCC_WARN_64_TO_32_BIT_CONVERSION = YES;
				GCC_WARN_ABOUT_RETURN_TYPE = YES_ERROR;
				GCC_WARN_UNDECLARED_SELECTOR = YES;
				GCC_WARN_UNINITIALIZED_AUTOS = YES_AGGRESSIVE;
				GCC_WARN_UNUSED_FUNCTION = YES;
				GCC_WARN_UNUSED_VARIABLE = YES;
				IPHONEOS_DEPLOYMENT_TARGET = 9.0;
				MTL_ENABLE_DEBUG_INFO = YES;
				ONLY_ACTIVE_ARCH = YES;
				SDKROOT = iphoneos;
				SWIFT_ACTIVE_COMPILATION_CONDITIONS = DEBUG;
				SWIFT_OPTIMIZATION_LEVEL = "-Onone";
				TARGETED_DEVICE_FAMILY = "1,2";
			};
			name = Debug;
		};
		82A0D3DC1E5D86C100DB4D6B /* Release */ = {
			isa = XCBuildConfiguration;
			buildSettings = {
				ALWAYS_SEARCH_USER_PATHS = NO;
				CLANG_ANALYZER_NONNULL = YES;
				CLANG_CXX_LANGUAGE_STANDARD = "gnu++0x";
				CLANG_CXX_LIBRARY = "libc++";
				CLANG_ENABLE_MODULES = YES;
				CLANG_ENABLE_OBJC_ARC = YES;
				CLANG_WARN_BOOL_CONVERSION = YES;
				CLANG_WARN_CONSTANT_CONVERSION = YES;
				CLANG_WARN_DIRECT_OBJC_ISA_USAGE = YES_ERROR;
				CLANG_WARN_DOCUMENTATION_COMMENTS = YES;
				CLANG_WARN_EMPTY_BODY = YES;
				CLANG_WARN_ENUM_CONVERSION = YES;
				CLANG_WARN_INFINITE_RECURSION = YES;
				CLANG_WARN_INT_CONVERSION = YES;
				CLANG_WARN_OBJC_ROOT_CLASS = YES_ERROR;
				CLANG_WARN_SUSPICIOUS_MOVES = YES;
				CLANG_WARN_UNREACHABLE_CODE = YES;
				CLANG_WARN__DUPLICATE_METHOD_MATCH = YES;
				"CODE_SIGN_IDENTITY[sdk=iphoneos*]" = "iPhone Developer";
				COPY_PHASE_STRIP = NO;
				DEBUG_INFORMATION_FORMAT = "dwarf-with-dsym";
				ENABLE_NS_ASSERTIONS = NO;
				ENABLE_STRICT_OBJC_MSGSEND = YES;
				GCC_C_LANGUAGE_STANDARD = gnu99;
				GCC_NO_COMMON_BLOCKS = YES;
				GCC_WARN_64_TO_32_BIT_CONVERSION = YES;
				GCC_WARN_ABOUT_RETURN_TYPE = YES_ERROR;
				GCC_WARN_UNDECLARED_SELECTOR = YES;
				GCC_WARN_UNINITIALIZED_AUTOS = YES_AGGRESSIVE;
				GCC_WARN_UNUSED_FUNCTION = YES;
				GCC_WARN_UNUSED_VARIABLE = YES;
				IPHONEOS_DEPLOYMENT_TARGET = 9.0;
				MTL_ENABLE_DEBUG_INFO = NO;
				SDKROOT = iphoneos;
				SWIFT_OPTIMIZATION_LEVEL = "-Owholemodule";
				TARGETED_DEVICE_FAMILY = "1,2";
				VALIDATE_PRODUCT = YES;
			};
			name = Release;
		};
		82A0D3DE1E5D86C100DB4D6B /* Debug */ = {
			isa = XCBuildConfiguration;
			baseConfigurationReference = 75DC96DFB4F9B768419E60C2 /* Pods-iOSMessenger.debug.xcconfig */;
			buildSettings = {
				ASSETCATALOG_COMPILER_APPICON_NAME = AppIcon;
				DEVELOPMENT_TEAM = "";
				FRAMEWORK_SEARCH_PATHS = (
					"$(inherited)",
					"$(PROJECT_DIR)/Carthage/Build/iOS",
				);
				INFOPLIST_FILE = iOSMessenger/Info.plist;
				IPHONEOS_DEPLOYMENT_TARGET = 9.0;
				LD_RUNPATH_SEARCH_PATHS = "$(inherited) @executable_path/Frameworks";
				PRODUCT_BUNDLE_IDENTIFIER = GrauateWork.iOSMessenger;
				PRODUCT_NAME = "$(TARGET_NAME)";
				SWIFT_VERSION = 3.0;
			};
			name = Debug;
		};
		82A0D3DF1E5D86C100DB4D6B /* Release */ = {
			isa = XCBuildConfiguration;
			baseConfigurationReference = 0005374BE73A3A8EC32B5AAD /* Pods-iOSMessenger.release.xcconfig */;
			buildSettings = {
				ASSETCATALOG_COMPILER_APPICON_NAME = AppIcon;
				DEVELOPMENT_TEAM = "";
				FRAMEWORK_SEARCH_PATHS = (
					"$(inherited)",
					"$(PROJECT_DIR)/Carthage/Build/iOS",
				);
				INFOPLIST_FILE = iOSMessenger/Info.plist;
				IPHONEOS_DEPLOYMENT_TARGET = 9.0;
				LD_RUNPATH_SEARCH_PATHS = "$(inherited) @executable_path/Frameworks";
				PRODUCT_BUNDLE_IDENTIFIER = GrauateWork.iOSMessenger;
				PRODUCT_NAME = "$(TARGET_NAME)";
				SWIFT_VERSION = 3.0;
			};
			name = Release;
		};
/* End XCBuildConfiguration section */

/* Begin XCConfigurationList section */
		82A0D3C61E5D86C100DB4D6B /* Build configuration list for PBXProject "iOSMessenger" */ = {
			isa = XCConfigurationList;
			buildConfigurations = (
				82A0D3DB1E5D86C100DB4D6B /* Debug */,
				82A0D3DC1E5D86C100DB4D6B /* Release */,
			);
			defaultConfigurationIsVisible = 0;
			defaultConfigurationName = Release;
		};
		82A0D3DD1E5D86C100DB4D6B /* Build configuration list for PBXNativeTarget "iOSMessenger" */ = {
			isa = XCConfigurationList;
			buildConfigurations = (
				82A0D3DE1E5D86C100DB4D6B /* Debug */,
				82A0D3DF1E5D86C100DB4D6B /* Release */,
			);
			defaultConfigurationIsVisible = 0;
			defaultConfigurationName = Release;
		};
/* End XCConfigurationList section */
	};
	rootObject = 82A0D3C31E5D86C100DB4D6B /* Project object */;
}
